
Microsoft Visual Studio Solution File, Format Version 12.00
# Visual Studio Version 17
VisualStudioVersion = 17.10.35027.167
MinimumVisualStudioVersion = 10.0.40219.1
Project("{FAE04EC0-301F-11D3-BF4B-00C04F79EFBC}") = "MauiAppGuiaCurso", "MauiAppGuiaCurso\MauiAppGuiaCurso.csproj", "{C166EE78-A62C-4262-A17E-6B434301626E}"
EndProject
Global
	GlobalSection(SolutionConfigurationPlatforms) = preSolution
		Debug|Any CPU = Debug|Any CPU
		Release|Any CPU = Release|Any CPU
	EndGlobalSection
	GlobalSection(ProjectConfigurationPlatforms) = postSolution
		{C166EE78-A62C-4262-A17E-6B434301626E}.Debug|Any CPU.ActiveCfg = Debug|Any CPU
		{C166EE78-A62C-4262-A17E-6B434301626E}.Debug|Any CPU.Build.0 = Debug|Any CPU
		{C166EE78-A62C-4262-A17E-6B434301626E}.Debug|Any CPU.Deploy.0 = Debug|Any CPU
		{C166EE78-A62C-4262-A17E-6B434301626E}.Release|Any CPU.ActiveCfg = Release|Any CPU
		{C166EE78-A62C-4262-A17E-6B434301626E}.Release|Any CPU.Build.0 = Release|Any CPU
		{C166EE78-A62C-4262-A17E-6B434301626E}.Release|Any CPU.Deploy.0 = Release|Any CPU
	EndGlobalSection
	GlobalSection(SolutionProperties) = preSolution
		HideSolutionNode = FALSE
	EndGlobalSection
	GlobalSection(ExtensibilityGlobals) = postSolution
		SolutionGuid = {10BCB2CB-29CD-4D82-B19C-F6B0154B6C17}
	EndGlobalSection
EndGlobal
